{
  "name": "@iamdimka/router",
  "version": "0.1.0",
  "lockfileVersion": 1,
  "requires": true,
  "dependencies": {
    "@types/node": {
      "version": "9.4.7",
      "resolved": "https://registry.npmjs.org/@types/node/-/node-9.4.7.tgz",
      "integrity": "sha512-4Ba90mWNx8ddbafuyGGwjkZMigi+AWfYLSDCpovwsE63ia8w93r3oJ8PIAQc3y8U+XHcnMOHPIzNe3o438Ywcw==",
      "dev": true
    },
    "@types/path-to-regexp": {
      "version": "1.7.0",
      "resolved": "https://registry.npmjs.org/@types/path-to-regexp/-/path-to-regexp-1.7.0.tgz",
      "integrity": "sha1-8a+dnJ21+K2AqnXtQk22ZcSNbNQ=",
      "dev": true,
      "requires": {
        "path-to-regexp": "2.2.0"
      }
    },
    "path-to-regexp": {
      "version": "2.2.0",
      "resolved": "https://registry.npmjs.org/path-to-regexp/-/path-to-regexp-2.2.0.tgz",
      "integrity": "sha512-zJcOPeBsraLjWXwUzFMPzH3QO2CmO1yRggtADPJjOTyCF5csQxfUGJL+CbyyRvIS09wOipi4F/fgRhdmVGSwxQ=="
    }
  }
}
